// !$*UTF8*$!
{
	archiveVersion = 1;
	classes = {
	};
	objectVersion = 50;
	objects = {

/* Begin PBXBuildFile section */
		BD9E73D62342624E0010562F /* AppDelegate.swift in Sources */ = {isa = PBXBuildFile; fileRef = BD9E73D52342624E0010562F /* AppDelegate.swift */; };
		BD9E73D82342624E0010562F /* SceneDelegate.swift in Sources */ = {isa = PBXBuildFile; fileRef = BD9E73D72342624E0010562F /* SceneDelegate.swift */; };
		BD9E73DA2342624E0010562F /* ViewController.swift in Sources */ = {isa = PBXBuildFile; fileRef = BD9E73D92342624E0010562F /* ViewController.swift */; };
		BD9E73DD2342624E0010562F /* Main.storyboard in Resources */ = {isa = PBXBuildFile; fileRef = BD9E73DB2342624E0010562F /* Main.storyboard */; };
		BD9E73DF234262510010562F /* Assets.xcassets in Resources */ = {isa = PBXBuildFile; fileRef = BD9E73DE234262510010562F /* Assets.xcassets */; };
		BD9E73E2234262510010562F /* LaunchScreen.storyboard in Resources */ = {isa = PBXBuildFile; fileRef = BD9E73E0234262510010562F /* LaunchScreen.storyboard */; };
		BD9E73EA23427C1F0010562F /* UIImage+Scaling.swift in Sources */ = {isa = PBXBuildFile; fileRef = BD9E73E923427C1F0010562F /* UIImage+Scaling.swift */; };
/* End PBXBuildFile section */

/* Begin PBXFileReference section */
		BD9E73D22342624E0010562F /* Filter Fun.app */ = {isa = PBXFileReference; explicitFileType = wrapper.application; includeInIndex = 0; path = "Filter Fun.app"; sourceTree = BUILT_PRODUCTS_DIR; };
		BD9E73D52342624E0010562F /* AppDelegate.swift */ = {isa = PBXFileReference; lastKnownFileType = sourcecode.swift; path = AppDelegate.swift; sourceTree = "<group>"; };
		BD9E73D72342624E0010562F /* SceneDelegate.swift */ = {isa = PBXFileReference; lastKnownFileType = sourcecode.swift; path = SceneDelegate.swift; sourceTree = "<group>"; };
		BD9E73D92342624E0010562F /* ViewController.swift */ = {isa = PBXFileReference; lastKnownFileType = sourcecode.swift; path = ViewController.swift; sourceTree = "<group>"; };
		BD9E73DC2342624E0010562F /* Base */ = {isa = PBXFileReference; lastKnownFileType = file.storyboard; name = Base; path = Base.lproj/Main.storyboard; sourceTree = "<group>"; };
		BD9E73DE234262510010562F /* Assets.xcassets */ = {isa = PBXFileReference; lastKnownFileType = folder.assetcatalog; path = Assets.xcassets; sourceTree = "<group>"; };
		BD9E73E1234262510010562F /* Base */ = {isa = PBXFileReference; lastKnownFileType = file.storyboard; name = Base; path = Base.lproj/LaunchScreen.storyboard; sourceTree = "<group>"; };
		BD9E73E3234262510010562F /* Info.plist */ = {isa = PBXFileReference; lastKnownFileType = text.plist.xml; path = Info.plist; sourceTree = "<group>"; };
		BD9E73E923427C1F0010562F /* UIImage+Scaling.swift */ = {isa = PBXFileReference; lastKnownFileType = sourcecode.swift; path = "UIImage+Scaling.swift"; sourceTree = "<group>"; };
/* End PBXFileReference section */

/* Begin PBXFrameworksBuildPhase section */
		BD9E73CF2342624E0010562F /* Frameworks */ = {
			isa = PBXFrameworksBuildPhase;
			buildActionMask = 2147483647;
			files = (
			);
			runOnlyForDeploymentPostprocessing = 0;
		};
/* End PBXFrameworksBuildPhase section */

/* Begin PBXGroup section */
		BD9E73C92342624E0010562F = {
			isa = PBXGroup;
			children = (
				BD9E73D42342624E0010562F /* iOS8-PhotoFilter */,
				BD9E73D32342624E0010562F /* Products */,
			);
			sourceTree = "<group>";
		};
		BD9E73D32342624E0010562F /* Products */ = {
			isa = PBXGroup;
			children = (
				BD9E73D22342624E0010562F /* Filter Fun.app */,
			);
			name = Products;
			sourceTree = "<group>";
		};
		BD9E73D42342624E0010562F /* iOS8-PhotoFilter */ = {
			isa = PBXGroup;
			children = (
				BD9E73D52342624E0010562F /* AppDelegate.swift */,
				BD9E73D72342624E0010562F /* SceneDelegate.swift */,
				BD9E73D92342624E0010562F /* ViewController.swift */,
				BD9E73E923427C1F0010562F /* UIImage+Scaling.swift */,
				BD9E73DB2342624E0010562F /* Main.storyboard */,
				BD9E73DE234262510010562F /* Assets.xcassets */,
				BD9E73E0234262510010562F /* LaunchScreen.storyboard */,
				BD9E73E3234262510010562F /* Info.plist */,
			);
			path = "iOS8-PhotoFilter";
			sourceTree = "<group>";
		};
/* End PBXGroup section */

/* Begin PBXNativeTarget section */
		BD9E73D12342624E0010562F /* iOS8-PhotoFilter */ = {
			isa = PBXNativeTarget;
			buildConfigurationList = BD9E73E6234262510010562F /* Build configuration list for PBXNativeTarget "iOS8-PhotoFilter" */;
			buildPhases = (
				BD9E73CE2342624E0010562F /* Sources */,
				BD9E73CF2342624E0010562F /* Frameworks */,
				BD9E73D02342624E0010562F /* Resources */,
			);
			buildRules = (
			);
			dependencies = (
			);
			name = "iOS8-PhotoFilter";
			productName = "iOS8-PhotoFilter";
			productReference = BD9E73D22342624E0010562F /* Filter Fun.app */;
			productType = "com.apple.product-type.application";
		};
/* End PBXNativeTarget section */

/* Begin PBXProject section */
		BD9E73CA2342624E0010562F /* Project object */ = {
			isa = PBXProject;
			attributes = {
				LastSwiftUpdateCheck = 1100;
				LastUpgradeCheck = 1100;
				ORGANIZATIONNAME = "Lambda, Inc";
				TargetAttributes = {
					BD9E73D12342624E0010562F = {
						CreatedOnToolsVersion = 11.0;
					};
				};
			};
			buildConfigurationList = BD9E73CD2342624E0010562F /* Build configuration list for PBXProject "iOS8-PhotoFilter" */;
			compatibilityVersion = "Xcode 9.3";
			developmentRegion = en;
			hasScannedForEncodings = 0;
			knownRegions = (
				en,
				Base,
			);
			mainGroup = BD9E73C92342624E0010562F;
			productRefGroup = BD9E73D32342624E0010562F /* Products */;
			projectDirPath = "";
			projectRoot = "";
			targets = (
				BD9E73D12342624E0010562F /* iOS8-PhotoFilter */,
			);
		};
/* End PBXProject section */

/* Begin PBXResourcesBuildPhase section */
		BD9E73D02342624E0010562F /* Resources */ = {
			isa = PBXResourcesBuildPhase;
			buildActionMask = 2147483647;
			files = (
				BD9E73E2234262510010562F /* LaunchScreen.storyboard in Resources */,
				BD9E73DF234262510010562F /* Assets.xcassets in Resources */,
				BD9E73DD2342624E0010562F /* Main.storyboard in Resources */,
			);
			runOnlyForDeploymentPostprocessing = 0;
		};
/* End PBXResourcesBuildPhase section */

/* Begin PBXSourcesBuildPhase section */
		BD9E73CE2342624E0010562F /* Sources */ = {
			isa = PBXSourcesBuildPhase;
			buildActionMask = 2147483647;
			files = (
				BD9E73DA2342624E0010562F /* ViewController.swift in Sources */,
				BD9E73EA23427C1F0010562F /* UIImage+Scaling.swift in Sources */,
				BD9E73D62342624E0010562F /* AppDelegate.swift in Sources */,
				BD9E73D82342624E0010562F /* SceneDelegate.swift in Sources */,
			);
			runOnlyForDeploymentPostprocessing = 0;
		};
/* End PBXSourcesBuildPhase section */

/* Begin PBXVariantGroup section */
		BD9E73DB2342624E0010562F /* Main.storyboard */ = {
			isa = PBXVariantGroup;
			children = (
				BD9E73DC2342624E0010562F /* Base */,
			);
			name = Main.storyboard;
			sourceTree = "<group>";
		};
		BD9E73E0234262510010562F /* LaunchScreen.storyboard */ = {
			isa = PBXVariantGroup;
			children = (
				BD9E73E1234262510010562F /* Base */,
			);
			name = LaunchScreen.storyboard;
			sourceTree = "<group>";
		};
/* End PBXVariantGroup section */

/* Begin XCBuildConfiguration section */
		BD9E73E4234262510010562F /* Debug */ = {
			isa = XCBuildConfiguration;
			buildSettings = {
				ALWAYS_SEARCH_USER_PATHS = NO;
				CLANG_ANALYZER_NONNULL = YES;
				CLANG_ANALYZER_NUMBER_OBJECT_CONVERSION = YES_AGGRESSIVE;
				CLANG_CXX_LANGUAGE_STANDARD = "gnu++14";
				CLANG_CXX_LIBRARY = "libc++";
				CLANG_ENABLE_MODULES = YES;
				CLANG_ENABLE_OBJC_ARC = YES;
				CLANG_ENABLE_OBJC_WEAK = YES;
				CLANG_WARN_BLOCK_CAPTURE_AUTORELEASING = YES;
				CLANG_WARN_BOOL_CONVERSION = YES;
				CLANG_WARN_COMMA = YES;
				CLANG_WARN_CONSTANT_CONVERSION = YES;
				CLANG_WARN_DEPRECATED_OBJC_IMPLEMENTATIONS = YES;
				CLANG_WARN_DIRECT_OBJC_ISA_USAGE = YES_ERROR;
				CLANG_WARN_DOCUMENTATION_COMMENTS = YES;
				CLANG_WARN_EMPTY_BODY = YES;
				CLANG_WARN_ENUM_CONVERSION = YES;
				CLANG_WARN_INFINITE_RECURSION = YES;
				CLANG_WARN_INT_CONVERSION = YES;
				CLANG_WARN_NON_LITERAL_NULL_CONVERSION = YES;
				CLANG_WARN_OBJC_IMPLICIT_RETAIN_SELF = YES;
				CLANG_WARN_OBJC_LITERAL_CONVERSION = YES;
				CLANG_WARN_OBJC_ROOT_CLASS = YES_ERROR;
				CLANG_WARN_RANGE_LOOP_ANALYSIS = YES;
				CLANG_WARN_STRICT_PROTOTYPES = YES;
				CLANG_WARN_SUSPICIOUS_MOVE = YES;
				CLANG_WARN_UNGUARDED_AVAILABILITY = YES_AGGRESSIVE;
				CLANG_WARN_UNREACHABLE_CODE = YES;
				CLANG_WARN__DUPLICATE_METHOD_MATCH = YES;
				COPY_PHASE_STRIP = NO;
				DEBUG_INFORMATION_FORMAT = dwarf;
				ENABLE_STRICT_OBJC_MSGSEND = YES;
				ENABLE_TESTABILITY = YES;
				GCC_C_LANGUAGE_STANDARD = gnu11;
				GCC_DYNAMIC_NO_PIC = NO;
				GCC_NO_COMMON_BLOCKS = YES;
				GCC_OPTIMIZATION_LEVEL = 0;
				GCC_PREPROCESSOR_DEFINITIONS = (
					"DEBUG=1",
					"$(inherited)",
				);
				GCC_WARN_64_TO_32_BIT_CONVERSION = YES;
				GCC_WARN_ABOUT_RETURN_TYPE = YES_ERROR;
				GCC_WARN_UNDECLARED_SELECTOR = YES;
				GCC_WARN_UNINITIALIZED_AUTOS = YES_AGGRESSIVE;
				GCC_WARN_UNUSED_FUNCTION = YES;
				GCC_WARN_UNUSED_VARIABLE = YES;
				IPHONEOS_DEPLOYMENT_TARGET = 13.0;
				MTL_ENABLE_DEBUG_INFO = INCLUDE_SOURCE;
				MTL_FAST_MATH = YES;
				ONLY_ACTIVE_ARCH = YES;
				SDKROOT = iphoneos;
				SWIFT_ACTIVE_COMPILATION_CONDITIONS = DEBUG;
				SWIFT_OPTIMIZATION_LEVEL = "-Onone";
			};
			name = Debug;
		};
		BD9E73E5234262510010562F /* Release */ = {
			isa = XCBuildConfiguration;
			buildSettings = {
				ALWAYS_SEARCH_USER_PATHS = NO;
				CLANG_ANALYZER_NONNULL = YES;
				CLANG_ANALYZER_NUMBER_OBJECT_CONVERSION = YES_AGGRESSIVE;
				CLANG_CXX_LANGUAGE_STANDARD = "gnu++14";
				CLANG_CXX_LIBRARY = "libc++";
				CLANG_ENABLE_MODULES = YES;
				CLANG_ENABLE_OBJC_ARC = YES;
				CLANG_ENABLE_OBJC_WEAK = YES;
				CLANG_WARN_BLOCK_CAPTURE_AUTORELEASING = YES;
				CLANG_WARN_BOOL_CONVERSION = YES;
				CLANG_WARN_COMMA = YES;
				CLANG_WARN_CONSTANT_CONVERSION = YES;
				CLANG_WARN_DEPRECATED_OBJC_IMPLEMENTATIONS = YES;
				CLANG_WARN_DIRECT_OBJC_ISA_USAGE = YES_ERROR;
				CLANG_WARN_DOCUMENTATION_COMMENTS = YES;
				CLANG_WARN_EMPTY_BODY = YES;
				CLANG_WARN_ENUM_CONVERSION = YES;
				CLANG_WARN_INFINITE_RECURSION = YES;
				CLANG_WARN_INT_CONVERSION = YES;
				CLANG_WARN_NON_LITERAL_NULL_CONVERSION = YES;
				CLANG_WARN_OBJC_IMPLICIT_RETAIN_SELF = YES;
				CLANG_WARN_OBJC_LITERAL_CONVERSION = YES;
				CLANG_WARN_OBJC_ROOT_CLASS = YES_ERROR;
				CLANG_WARN_RANGE_LOOP_ANALYSIS = YES;
				CLANG_WARN_STRICT_PROTOTYPES = YES;
				CLANG_WARN_SUSPICIOUS_MOVE = YES;
				CLANG_WARN_UNGUARDED_AVAILABILITY = YES_AGGRESSIVE;
				CLANG_WARN_UNREACHABLE_CODE = YES;
				CLANG_WARN__DUPLICATE_METHOD_MATCH = YES;
				COPY_PHASE_STRIP = NO;
				DEBUG_INFORMATION_FORMAT = "dwarf-with-dsym";
				ENABLE_NS_ASSERTIONS = NO;
				ENABLE_STRICT_OBJC_MSGSEND = YES;
				GCC_C_LANGUAGE_STANDARD = gnu11;
				GCC_NO_COMMON_BLOCKS = YES;
				GCC_WARN_64_TO_32_BIT_CONVERSION = YES;
				GCC_WARN_ABOUT_RETURN_TYPE = YES_ERROR;
				GCC_WARN_UNDECLARED_SELECTOR = YES;
				GCC_WARN_UNINITIALIZED_AUTOS = YES_AGGRESSIVE;
				GCC_WARN_UNUSED_FUNCTION = YES;
				GCC_WARN_UNUSED_VARIABLE = YES;
				IPHONEOS_DEPLOYMENT_TARGET = 13.0;
				MTL_ENABLE_DEBUG_INFO = NO;
				MTL_FAST_MATH = YES;
				SDKROOT = iphoneos;
				SWIFT_COMPILATION_MODE = wholemodule;
				SWIFT_OPTIMIZATION_LEVEL = "-O";
				VALIDATE_PRODUCT = YES;
			};
			name = Release;
		};
		BD9E73E7234262510010562F /* Debug */ = {
			isa = XCBuildConfiguration;
			buildSettings = {
				ASSETCATALOG_COMPILER_APPICON_NAME = AppIcon;
				CODE_SIGN_STYLE = Automatic;
				DEVELOPMENT_TEAM = LCRLD36TZ6;
				INFOPLIST_FILE = "iOS8-PhotoFilter/Info.plist";
				IPHONEOS_DEPLOYMENT_TARGET = 13.0;
				LD_RUNPATH_SEARCH_PATHS = (
					"$(inherited)",
					"@executable_path/Frameworks",
				);
				PRODUCT_BUNDLE_IDENTIFIER = "com.lambdaschool.iOS8-PhotoFilter";
				PRODUCT_NAME = "Filter Fun";
				SWIFT_VERSION = 5.0;
				TARGETED_DEVICE_FAMILY = "1,2";
			};
			name = Debug;
		};
		BD9E73E8234262510010562F /* Release */ = {
			isa = XCBuildConfiguration;
			buildSettings = {
				ASSETCATALOG_COMPILER_APPICON_NAME = AppIcon;
				CODE_SIGN_STYLE = Automatic;
				DEVELOPMENT_TEAM = LCRLD36TZ6;
				INFOPLIST_FILE = "iOS8-PhotoFilter/Info.plist";
				IPHONEOS_DEPLOYMENT_TARGET = 13.0;
				LD_RUNPATH_SEARCH_PATHS = (
					"$(inherited)",
					"@executable_path/Frameworks",
				);
				PRODUCT_BUNDLE_IDENTIFIER = "com.lambdaschool.iOS8-PhotoFilter";
				PRODUCT_NAME = "Filter Fun";
				SWIFT_VERSION = 5.0;
				TARGETED_DEVICE_FAMILY = "1,2";
			};
			name = Release;
		};
/* End XCBuildConfiguration section */

/* Begin XCConfigurationList section */
		BD9E73CD2342624E0010562F /* Build configuration list for PBXProject "iOS8-PhotoFilter" */ = {
			isa = XCConfigurationList;
			buildConfigurations = (
				BD9E73E4234262510010562F /* Debug */,
				BD9E73E5234262510010562F /* Release */,
			);
			defaultConfigurationIsVisible = 0;
			defaultConfigurationName = Release;
		};
		BD9E73E6234262510010562F /* Build configuration list for PBXNativeTarget "iOS8-PhotoFilter" */ = {
			isa = XCConfigurationList;
			buildConfigurations = (
				BD9E73E7234262510010562F /* Debug */,
				BD9E73E8234262510010562F /* Release */,
			);
			defaultConfigurationIsVisible = 0;
			defaultConfigurationName = Release;
		};
/* End XCConfigurationList section */
	};
	rootObject = BD9E73CA2342624E0010562F /* Project object */;
}
